// !$*UTF8*$!
{
	archiveVersion = 1;
	classes = {
	};
	objectVersion = 50;
	objects = {

/* Begin PBXBuildFile section */
		040FAEF42123FD9B00746C87 /* JPEngine.m in Sources */ = {isa = PBXBuildFile; fileRef = 040FAEF22123FD9A00746C87 /* JPEngine.m */; };
		040FAEF52123FD9B00746C87 /* JSPatch.js in Resources */ = {isa = PBXBuildFile; fileRef = 040FAEF32123FD9A00746C87 /* JSPatch.js */; };
		040FAEF9212408C500746C87 /* UncaughtExceptionHandler.m in Sources */ = {isa = PBXBuildFile; fileRef = 040FAEF8212408C400746C87 /* UncaughtExceptionHandler.m */; };
		040FAEFF212523D600746C87 /* WTAlertController.m in Sources */ = {isa = PBXBuildFile; fileRef = 040FAEFE212523D600746C87 /* WTAlertController.m */; };
		04EE56492122CA9D00D74017 /* AppDelegate.m in Sources */ = {isa = PBXBuildFile; fileRef = 04EE56482122CA9D00D74017 /* AppDelegate.m */; };
		04EE564C2122CA9D00D74017 /* $.m in Sources */ = {isa = PBXBuildFile; fileRef = 04EE564B2122CA9D00D74017 /* $.m */; };
		04EE564F2122CA9D00D74017 /* Main.storyboard in Resources */ = {isa = PBXBuildFile; fileRef = 04EE564D2122CA9D00D74017 /* Main.storyboard */; };
		04EE56512122CAAC00D74017 /* Assets.xcassets in Resources */ = {isa = PBXBuildFile; fileRef = 04EE56502122CAAC00D74017 /* Assets.xcassets */; };
		04EE56542122CAAC00D74017 /* LaunchScreen.storyboard in Resources */ = {isa = PBXBuildFile; fileRef = 04EE56522122CAAC00D74017 /* LaunchScreen.storyboard */; };
		04EE56572122CAAC00D74017 /* main.m in Sources */ = {isa = PBXBuildFile; fileRef = 04EE56562122CAAC00D74017 /* main.m */; };
		04EE56612122CAAC00D74017 /* BuglyDemoTests.m in Sources */ = {isa = PBXBuildFile; fileRef = 04EE56602122CAAC00D74017 /* BuglyDemoTests.m */; };
		04EE566C2122CAAC00D74017 /* BuglyDemoUITests.m in Sources */ = {isa = PBXBuildFile; fileRef = 04EE566B2122CAAC00D74017 /* BuglyDemoUITests.m */; };
		1F2F5362CA682A8A1CEAC61D /* libPods-BuglyDemo.a in Frameworks */ = {isa = PBXBuildFile; fileRef = 3FE14BD08AF08556B8CEBA60 /* libPods-BuglyDemo.a */; };
/* End PBXBuildFile section */

/* Begin PBXContainerItemProxy section */
		04EE565D2122CAAC00D74017 /* PBXContainerItemProxy */ = {
			isa = PBXContainerItemProxy;
			containerPortal = 04EE563C2122CA9D00D74017 /* Project object */;
			proxyType = 1;
			remoteGlobalIDString = 04EE56432122CA9D00D74017;
			remoteInfo = BuglyDemo;
		};
		04EE56682122CAAC00D74017 /* PBXContainerItemProxy */ = {
			isa = PBXContainerItemProxy;
			containerPortal = 04EE563C2122CA9D00D74017 /* Project object */;
			proxyType = 1;
			remoteGlobalIDString = 04EE56432122CA9D00D74017;
			remoteInfo = BuglyDemo;
		};
/* End PBXContainerItemProxy section */

/* Begin PBXFileReference section */
		040FAEEF2123FB1D00746C87 /* BuglyDemo-Prefix.pch */ = {isa = PBXFileReference; lastKnownFileType = sourcecode.c.h; path = "BuglyDemo-Prefix.pch"; sourceTree = "<group>"; };
		040FAEF12123FD9A00746C87 /* JPEngine.h */ = {isa = PBXFileReference; fileEncoding = 4; lastKnownFileType = sourcecode.c.h; path = JPEngine.h; sourceTree = "<group>"; };
		040FAEF22123FD9A00746C87 /* JPEngine.m */ = {isa = PBXFileReference; fileEncoding = 4; lastKnownFileType = sourcecode.c.objc; path = JPEngine.m; sourceTree = "<group>"; };
		040FAEF32123FD9A00746C87 /* JSPatch.js */ = {isa = PBXFileReference; fileEncoding = 4; lastKnownFileType = sourcecode.javascript; path = JSPatch.js; sourceTree = "<group>"; };
		040FAEF7212408C400746C87 /* UncaughtExceptionHandler.h */ = {isa = PBXFileReference; fileEncoding = 4; lastKnownFileType = sourcecode.c.h; path = UncaughtExceptionHandler.h; sourceTree = "<group>"; };
		040FAEF8212408C400746C87 /* UncaughtExceptionHandler.m */ = {isa = PBXFileReference; fileEncoding = 4; lastKnownFileType = sourcecode.c.objc; path = UncaughtExceptionHandler.m; sourceTree = "<group>"; };
		040FAEFD212523D600746C87 /* WTAlertController.h */ = {isa = PBXFileReference; lastKnownFileType = sourcecode.c.h; path = WTAlertController.h; sourceTree = "<group>"; };
		040FAEFE212523D600746C87 /* WTAlertController.m */ = {isa = PBXFileReference; lastKnownFileType = sourcecode.c.objc; path = WTAlertController.m; sourceTree = "<group>"; };
		04EE56442122CA9D00D74017 /* BuglyDemo.app */ = {isa = PBXFileReference; explicitFileType = wrapper.application; includeInIndex = 0; path = BuglyDemo.app; sourceTree = BUILT_PRODUCTS_DIR; };
		04EE56472122CA9D00D74017 /* AppDelegate.h */ = {isa = PBXFileReference; lastKnownFileType = sourcecode.c.h; path = AppDelegate.h; sourceTree = "<group>"; };
		04EE56482122CA9D00D74017 /* AppDelegate.m */ = {isa = PBXFileReference; lastKnownFileType = sourcecode.c.objc; path = AppDelegate.m; sourceTree = "<group>"; };
		04EE564A2122CA9D00D74017 /* ViewController.h */ = {isa = PBXFileReference; lastKnownFileType = sourcecode.c.h; path = ViewController.h; sourceTree = "<group>"; };
		04EE564B2122CA9D00D74017 /* $.m */ = {isa = PBXFileReference; lastKnownFileType = sourcecode.c.objc; path = $.m; sourceTree = "<group>"; };
		04EE564E2122CA9D00D74017 /* Base */ = {isa = PBXFileReference; lastKnownFileType = file.storyboard; name = Base; path = Base.lproj/Main.storyboard; sourceTree = "<group>"; };
		04EE56502122CAAC00D74017 /* Assets.xcassets */ = {isa = PBXFileReference; lastKnownFileType = folder.assetcatalog; path = Assets.xcassets; sourceTree = "<group>"; };
		04EE56532122CAAC00D74017 /* Base */ = {isa = PBXFileReference; lastKnownFileType = file.storyboard; name = Base; path = Base.lproj/LaunchScreen.storyboard; sourceTree = "<group>"; };
		04EE56552122CAAC00D74017 /* Info.plist */ = {isa = PBXFileReference; lastKnownFileType = text.plist.xml; path = Info.plist; sourceTree = "<group>"; };
		04EE56562122CAAC00D74017 /* main.m */ = {isa = PBXFileReference; lastKnownFileType = sourcecode.c.objc; path = main.m; sourceTree = "<group>"; };
		04EE565C2122CAAC00D74017 /* BuglyDemoTests.xctest */ = {isa = PBXFileReference; explicitFileType = wrapper.cfbundle; includeInIndex = 0; path = BuglyDemoTests.xctest; sourceTree = BUILT_PRODUCTS_DIR; };
		04EE56602122CAAC00D74017 /* BuglyDemoTests.m */ = {isa = PBXFileReference; lastKnownFileType = sourcecode.c.objc; path = BuglyDemoTests.m; sourceTree = "<group>"; };
		04EE56622122CAAC00D74017 /* Info.plist */ = {isa = PBXFileReference; lastKnownFileType = text.plist.xml; path = Info.plist; sourceTree = "<group>"; };
		04EE56672122CAAC00D74017 /* BuglyDemoUITests.xctest */ = {isa = PBXFileReference; explicitFileType = wrapper.cfbundle; includeInIndex = 0; path = BuglyDemoUITests.xctest; sourceTree = BUILT_PRODUCTS_DIR; };
		04EE566B2122CAAC00D74017 /* BuglyDemoUITests.m */ = {isa = PBXFileReference; lastKnownFileType = sourcecode.c.objc; path = BuglyDemoUITests.m; sourceTree = "<group>"; };
		04EE566D2122CAAC00D74017 /* Info.plist */ = {isa = PBXFileReference; lastKnownFileType = text.plist.xml; path = Info.plist; sourceTree = "<group>"; };
		2F9BA509694D75FEC13D7227 /* Pods-BuglyDemo.release.xcconfig */ = {isa = PBXFileReference; includeInIndex = 1; lastKnownFileType = text.xcconfig; name = "Pods-BuglyDemo.release.xcconfig"; path = "Pods/Target Support Files/Pods-BuglyDemo/Pods-BuglyDemo.release.xcconfig"; sourceTree = "<group>"; };
		3FE14BD08AF08556B8CEBA60 /* libPods-BuglyDemo.a */ = {isa = PBXFileReference; explicitFileType = archive.ar; includeInIndex = 0; path = "libPods-BuglyDemo.a"; sourceTree = BUILT_PRODUCTS_DIR; };
		E96DAC3C5ED3EB8913E9ECCB /* Pods-BuglyDemo.debug.xcconfig */ = {isa = PBXFileReference; includeInIndex = 1; lastKnownFileType = text.xcconfig; name = "Pods-BuglyDemo.debug.xcconfig"; path = "Pods/Target Support Files/Pods-BuglyDemo/Pods-BuglyDemo.debug.xcconfig"; sourceTree = "<group>"; };
/* End PBXFileReference section */

/* Begin PBXFrameworksBuildPhase section */
		04EE56412122CA9D00D74017 /* Frameworks */ = {
			isa = PBXFrameworksBuildPhase;
			buildActionMask = 2147483647;
			files = (
				1F2F5362CA682A8A1CEAC61D /* libPods-BuglyDemo.a in Frameworks */,
			);
			runOnlyForDeploymentPostprocessing = 0;
		};
		04EE56592122CAAC00D74017 /* Frameworks */ = {
			isa = PBXFrameworksBuildPhase;
			buildActionMask = 2147483647;
			files = (
			);
			runOnlyForDeploymentPostprocessing = 0;
		};
		04EE56642122CAAC00D74017 /* Frameworks */ = {
			isa = PBXFrameworksBuildPhase;
			buildActionMask = 2147483647;
			files = (
			);
			runOnlyForDeploymentPostprocessing = 0;
		};
/* End PBXFrameworksBuildPhase section */

/* Begin PBXGroup section */
		040FAEF02123FD9A00746C87 /* JSPatch */ = {
			isa = PBXGroup;
			children = (
				040FAEF12123FD9A00746C87 /* JPEngine.h */,
				040FAEF22123FD9A00746C87 /* JPEngine.m */,
				040FAEF32123FD9A00746C87 /* JSPatch.js */,
			);
			path = JSPatch;
			sourceTree = "<group>";
		};
		040FAEF6212408C400746C87 /* CatchedHelper */ = {
			isa = PBXGroup;
			children = (
				040FAEF7212408C400746C87 /* UncaughtExceptionHandler.h */,
				040FAEF8212408C400746C87 /* UncaughtExceptionHandler.m */,
			);
			path = CatchedHelper;
			sourceTree = "<group>";
		};
		04EE563B2122CA9D00D74017 = {
			isa = PBXGroup;
			children = (
				040FAEF6212408C400746C87 /* CatchedHelper */,
				040FAEF02123FD9A00746C87 /* JSPatch */,
				04EE56462122CA9D00D74017 /* BuglyDemo */,
				04EE565F2122CAAC00D74017 /* BuglyDemoTests */,
				04EE566A2122CAAC00D74017 /* BuglyDemoUITests */,
				04EE56452122CA9D00D74017 /* Products */,
				95DA6CDF9E2BD81B86720B93 /* Pods */,
				6F2CBACB434957C2B0F89242 /* Frameworks */,
			);
			sourceTree = "<group>";
		};
		04EE56452122CA9D00D74017 /* Products */ = {
			isa = PBXGroup;
			children = (
				04EE56442122CA9D00D74017 /* BuglyDemo.app */,
				04EE565C2122CAAC00D74017 /* BuglyDemoTests.xctest */,
				04EE56672122CAAC00D74017 /* BuglyDemoUITests.xctest */,
			);
			name = Products;
			sourceTree = "<group>";
		};
		04EE56462122CA9D00D74017 /* BuglyDemo */ = {
			isa = PBXGroup;
			children = (
				040FAEFD212523D600746C87 /* WTAlertController.h */,
				040FAEFE212523D600746C87 /* WTAlertController.m */,
				040FAEEF2123FB1D00746C87 /* BuglyDemo-Prefix.pch */,
				04EE56472122CA9D00D74017 /* AppDelegate.h */,
				04EE56482122CA9D00D74017 /* AppDelegate.m */,
				04EE564A2122CA9D00D74017 /* ViewController.h */,
				04EE564B2122CA9D00D74017 /* $.m */,
				04EE564D2122CA9D00D74017 /* Main.storyboard */,
				04EE56502122CAAC00D74017 /* Assets.xcassets */,
				04EE56522122CAAC00D74017 /* LaunchScreen.storyboard */,
				04EE56552122CAAC00D74017 /* Info.plist */,
				04EE56562122CAAC00D74017 /* main.m */,
			);
			path = BuglyDemo;
			sourceTree = "<group>";
		};
		04EE565F2122CAAC00D74017 /* BuglyDemoTests */ = {
			isa = PBXGroup;
			children = (
				04EE56602122CAAC00D74017 /* BuglyDemoTests.m */,
				04EE56622122CAAC00D74017 /* Info.plist */,
			);
			path = BuglyDemoTests;
			sourceTree = "<group>";
		};
		04EE566A2122CAAC00D74017 /* BuglyDemoUITests */ = {
			isa = PBXGroup;
			children = (
				04EE566B2122CAAC00D74017 /* BuglyDemoUITests.m */,
				04EE566D2122CAAC00D74017 /* Info.plist */,
			);
			path = BuglyDemoUITests;
			sourceTree = "<group>";
		};
		6F2CBACB434957C2B0F89242 /* Frameworks */ = {
			isa = PBXGroup;
			children = (
				3FE14BD08AF08556B8CEBA60 /* libPods-BuglyDemo.a */,
			);
			name = Frameworks;
			sourceTree = "<group>";
		};
		95DA6CDF9E2BD81B86720B93 /* Pods */ = {
			isa = PBXGroup;
			children = (
				E96DAC3C5ED3EB8913E9ECCB /* Pods-BuglyDemo.debug.xcconfig */,
				2F9BA509694D75FEC13D7227 /* Pods-BuglyDemo.release.xcconfig */,
			);
			name = Pods;
			sourceTree = "<group>";
		};
/* End PBXGroup section */

/* Begin PBXNativeTarget section */
		04EE56432122CA9D00D74017 /* BuglyDemo */ = {
			isa = PBXNativeTarget;
			buildConfigurationList = 04EE56702122CAAC00D74017 /* Build configuration list for PBXNativeTarget "BuglyDemo" */;
			buildPhases = (
				939CADFA254BB1F7146EC035 /* [CP] Check Pods Manifest.lock */,
				04EE56402122CA9D00D74017 /* Sources */,
				04EE56412122CA9D00D74017 /* Frameworks */,
				04EE56422122CA9D00D74017 /* Resources */,
				A09300FBE17B7617DCD0FFB1 /* [CP] Copy Pods Resources */,
				040FAEE82123D46C00746C87 /* Run Script */,
			);
			buildRules = (
			);
			dependencies = (
			);
			name = BuglyDemo;
			productName = BuglyDemo;
			productReference = 04EE56442122CA9D00D74017 /* BuglyDemo.app */;
			productType = "com.apple.product-type.application";
		};
		04EE565B2122CAAC00D74017 /* BuglyDemoTests */ = {
			isa = PBXNativeTarget;
			buildConfigurationList = 04EE56732122CAAC00D74017 /* Build configuration list for PBXNativeTarget "BuglyDemoTests" */;
			buildPhases = (
				04EE56582122CAAC00D74017 /* Sources */,
				04EE56592122CAAC00D74017 /* Frameworks */,
				04EE565A2122CAAC00D74017 /* Resources */,
			);
			buildRules = (
			);
			dependencies = (
				04EE565E2122CAAC00D74017 /* PBXTargetDependency */,
			);
			name = BuglyDemoTests;
			productName = BuglyDemoTests;
			productReference = 04EE565C2122CAAC00D74017 /* BuglyDemoTests.xctest */;
			productType = "com.apple.product-type.bundle.unit-test";
		};
		04EE56662122CAAC00D74017 /* BuglyDemoUITests */ = {
			isa = PBXNativeTarget;
			buildConfigurationList = 04EE56762122CAAC00D74017 /* Build configuration list for PBXNativeTarget "BuglyDemoUITests" */;
			buildPhases = (
				04EE56632122CAAC00D74017 /* Sources */,
				04EE56642122CAAC00D74017 /* Frameworks */,
				04EE56652122CAAC00D74017 /* Resources */,
			);
			buildRules = (
			);
			dependencies = (
				04EE56692122CAAC00D74017 /* PBXTargetDependency */,
			);
			name = BuglyDemoUITests;
			productName = BuglyDemoUITests;
			productReference = 04EE56672122CAAC00D74017 /* BuglyDemoUITests.xctest */;
			productType = "com.apple.product-type.bundle.ui-testing";
		};
/* End PBXNativeTarget section */

/* Begin PBXProject section */
		04EE563C2122CA9D00D74017 /* Project object */ = {
			isa = PBXProject;
			attributes = {
				LastUpgradeCheck = 0930;
				ORGANIZATIONNAME = mac;
				TargetAttributes = {
					04EE56432122CA9D00D74017 = {
						CreatedOnToolsVersion = 9.3;
					};
					04EE565B2122CAAC00D74017 = {
						CreatedOnToolsVersion = 9.3;
						TestTargetID = 04EE56432122CA9D00D74017;
					};
					04EE56662122CAAC00D74017 = {
						CreatedOnToolsVersion = 9.3;
						TestTargetID = 04EE56432122CA9D00D74017;
					};
				};
			};
			buildConfigurationList = 04EE563F2122CA9D00D74017 /* Build configuration list for PBXProject "BuglyDemo" */;
			compatibilityVersion = "Xcode 9.3";
			developmentRegion = en;
			hasScannedForEncodings = 0;
			knownRegions = (
				en,
				Base,
			);
			mainGroup = 04EE563B2122CA9D00D74017;
			productRefGroup = 04EE56452122CA9D00D74017 /* Products */;
			projectDirPath = "";
			projectRoot = "";
			targets = (
				04EE56432122CA9D00D74017 /* BuglyDemo */,
				04EE565B2122CAAC00D74017 /* BuglyDemoTests */,
				04EE56662122CAAC00D74017 /* BuglyDemoUITests */,
			);
		};
/* End PBXProject section */

/* Begin PBXResourcesBuildPhase section */
		04EE56422122CA9D00D74017 /* Resources */ = {
			isa = PBXResourcesBuildPhase;
			buildActionMask = 2147483647;
			files = (
				04EE56542122CAAC00D74017 /* LaunchScreen.storyboard in Resources */,
				04EE56512122CAAC00D74017 /* Assets.xcassets in Resources */,
				040FAEF52123FD9B00746C87 /* JSPatch.js in Resources */,
				04EE564F2122CA9D00D74017 /* Main.storyboard in Resources */,
			);
			runOnlyForDeploymentPostprocessing = 0;
		};
		04EE565A2122CAAC00D74017 /* Resources */ = {
			isa = PBXResourcesBuildPhase;
			buildActionMask = 2147483647;
			files = (
			);
			runOnlyForDeploymentPostprocessing = 0;
		};
		04EE56652122CAAC00D74017 /* Resources */ = {
			isa = PBXResourcesBuildPhase;
			buildActionMask = 2147483647;
			files = (
			);
			runOnlyForDeploymentPostprocessing = 0;
		};
/* End PBXResourcesBuildPhase section */

/* Begin PBXShellScriptBuildPhase section */
		040FAEE82123D46C00746C87 /* Run Script */ = {
			isa = PBXShellScriptBuildPhase;
			buildActionMask = 2147483647;
			files = (
			);
			inputPaths = (
			);
			name = "Run Script";
			outputPaths = (
			);
			runOnlyForDeploymentPostprocessing = 0;
			shellPath = /bin/sh;
			shellScript = "#!/bin/sh\n#\n# Copyright 2016 Bugly, Tencent. All rights reserved.\n#\n# V1.4.0\n#\n# 2016.08.03\n#\n#\n#\n######################################################\n# 1. 脚本集成到Xcode工程的Target\n######################################################\n#\n# --- Copy the SCRIPT to the Run Script of Build Phases in the Xcode project ---\n#\n# #\nBUGLY_APP_ID=\"b950788e02\"\n# #\nBUGLY_APP_KEY=\"c865d5ff-ce10-4e22-bb8e-55519c18b880\"\n# #\nBUNDLE_IDENTIFIER=\"com.audition.www.BuglyDemo\"\n# #\nUPLOAD_DSYM_ONLY=1\n#\n# # 脚本默认配置的版本格式为CFBundleShortVersionString(CFBundleVersion),  如果你修改默认的版本格式, 请设置此变量, 如果不想修改, 请忽略此设置\n# CUSTOMIZED_APP_VERSION=\"\"\n#\n# # Debug模式编译是否上传，1＝上传 0＝不上传，默认不上传\n# UPLOAD_DEBUG_SYMBOLS=0\n#\n# # 模拟器编译是否上传，1=上传 0=不上传，默认不上传\n# UPLOAD_SIMULATOR_SYMBOLS=0\n#\n# #只有Archive操作时上传, 1=支持Archive上传 0=所有Release模式编译都上传\n# UPLOAD_ARCHIVE_ONLY=0\n#\n# #\n# source dSYMUpload.sh\n#\n# --- END OF SCRIPT ---\n#\n#\n#\n#\n#######################################################\n# 2. 脚本根据输入参数处理\n#######################################################\n#\n# #命令行下输入应用基本信息, .dSYM文件的父目录路径, 输出文件目录即可\n#\n# sh dSYMUpload.sh <bugly_app_id> <bugly_app_key> <app_bundle_identifier> <app_version> <dSYM_src_dir> <bSYMBOL_dest_dir>\n#\n# #\n#\n# #注意:\n# # 1. dSYMUpload.sh会调用buglySymboliOS.jar进行.dSYM解析，所以依赖Java运行时环境\n# # 2. dSYMUpload.sh和buglySymboliOS.jar的文件路径需一致\n#\n#\n\n#\n# --- CONTENT OF SCRIPT ---\n#\n\n# Bugly服务域名\nBUGLY_DSYM_UPLOAD_DOMAIN=\"api.bugly.qq.com\"\n\n# 注意jar工具的路径跟dSYMUpload.sh脚本路径一致, 请务必保证jar路径的正确性\nBUGLY_SYMBOL_JAR_PATH=\"dsymtool/buglySymboliOS.jar\"\n# 查找添加到系统目录的jar工具\nif [ ! -f \"${BUGLY_SYMBOL_JAR_PATH}\" ]; then\nBUGLY_SYMBOL_JAR_PATH=\"$HOME/bin/buglySymboliOS.jar\"\nfi\n\n# 打印错误信息\nfunction exitWithMessage(){\n    echo \"--------------------------------\"\n    echo \"${1}\"\n    echo \"--------------------------------\"\n    exit ${2}\n}\n\n# 上传bSYMBOL文件\nfunction dSYMUpload() {\n    P_APP_ID=\"$1\"\n    P_APP_KEY=\"$2\"\n    P_APP_BUNDLE_ID=\"$3\"\n    P_APP_VERSION=\"$4\"\n    P_BSYMBOL_ZIP_FILE=\"$5\"\n    \n    #\n    P_BSYMBOL_ZIP_FILE_NAME=${P_BSYMBOL_ZIP_FILE##*/}\n        P_BSYMBOL_ZIP_FILE_NAME=${P_BSYMBOL_ZIP_FILE_NAME//&/_}\n            P_BSYMBOL_ZIP_FILE_NAME=\"${P_BSYMBOL_ZIP_FILE_NAME// /_}\"\n            \n            DSYM_UPLOAD_URL=\"https://${BUGLY_DSYM_UPLOAD_DOMAIN}/openapi/file/upload/symbol?app_id=${P_APP_ID}&app_key=${P_APP_KEY}\"\n            echo \"dSYM upload url: ${DSYM_UPLOAD_URL}\"\n            \n            echo \"-----------------------------\"\n            STATUS=$(/usr/bin/curl -k \"${DSYM_UPLOAD_URL}\" --form \"api_version=1\" --form \"app_id=${P_APP_ID}\" --form \"app_key=${P_APP_KEY}\" --form \"symbolType=2\"  --form \"bundleId=${BUNDLE_IDENTIFIER}\" --form \"productVersion=${BUGLY_APP_VERSION}\" --form \"fileName=${P_BSYMBOL_ZIP_FILE_NAME}\" --form \"file=@${P_BSYMBOL_ZIP_FILE}\" --verbose)\n            echo \"-----------------------------\"\n            \n            UPLOAD_RESULT=\"FAILTURE\"\n            echo \"Bugly server response: ${STATUS}\"\n            if [ ! \"${STATUS}\" ]; then\n            echo \"Error: Failed to upload the zip archive file.\"\n            elif [[ \"${STATUS}\" == *\"{\\\"reponseCode\\\":\\\"0\\\"}\"* ]]; then\n            echo \"Success to upload the dSYM for the app [${BUNDLE_IDENTIFIER} ${BUGLY_APP_VERSION}]\"\n            UPLOAD_RESULT=\"SUCCESS\"\n            else\n            echo \"Error: Failed to upload the zip archive file to Bugly.\"\n            fi\n            \n            #Remove temp dSYM archive\n            #echo \"Remove temporary zip archive: ${DSYM_ZIP_FPATH}\"\n            #/bin/rm -f \"${DSYM_ZIP_FPATH}\"\n            \n            if [ \"$?\" -ne 0 ]; then\n            exitWithMessage \"Error: Failed to remove temporary zip archive.\" 0\n            fi\n            \n            echo \"--------------------------------\"\n            echo \"${UPLOAD_RESULT} - dSYM upload complete.\"\n            \n            if [[ \"${UPLOAD_RESULT}\" == \"FAILTURE\" ]]; then\n            echo \"--------------------------------\"\n            echo \"Failed to upload the dSYM\"\n            echo \"Please check the script and try it again.\"\n            fi\n        }\n        \n        # .dSYM解析为bSYMBOL文件\n        function dSYMParse() {\n            DSYM_FILE=\"$1\"\n            DSYM_SYMBOL_FILE=\"$2\"\n            \n            echo \"--------------------------------\"\n            echo \"Extract symbol info from .dSYM file. to ${DSYM_SYMBOL_FILE}\"\n            (/usr/bin/java -Xms512m -Xmx1024m -Dfile.encoding=UTF8 -jar \"${BUGLY_SYMBOL_JAR_PATH}\" -i \"${DSYM_FILE}\" -o \"${DSYM_SYMBOL_FILE}\" ) || exitWithMessage \"Error: Failed to extract symbols.\" 1\n            echo \"--------------------------------\"\n            \n        }\n        \n        # 执行\n        function run() {\n            \n            CONFIG_BUGLY_APP_ID=\"$1\"\n            CONFIG_BUGLY_APP_KEY=\"$2\"\n            \n            CONFIG_BUGLY_APP_BUNDLE_IDENTIFIER=\"$3\"\n            CONFIG_BUGLY_APP_VERSION=\"$4\"\n            CONFIG_DSYM_SOURCE_DIR=\"$5\"\n            CONFIG_DSYM_DEST_DIR=\"$6\"\n            CONFIG_UPLOAD_DSYM_ONLY=\"$7\"\n            \n            # 检查必须参数是否设置\n            if [ ! \"${CONFIG_BUGLY_APP_ID}\" ]; then\n            exitWithMessage \"Error: Bugly App ID not defined. Please set 'BUGLY_APP_ID' \" 0\n            fi\n            \n            if [[ \"${CONFIG_BUGLY_APP_ID}\" == *\"App ID\"* ]]; then\n            exitWithMessage \"Error: Bugly App ID not defined.\" 0\n            fi\n            \n            if [ ! \"${CONFIG_BUGLY_APP_KEY}\" ]; then\n            exitWithMessage \"Error: Bugly App Key not defined.\" 0\n            fi\n            \n            if [ ! \"${CONFIG_BUGLY_APP_BUNDLE_IDENTIFIER}\" ]; then\n            exitWithMessage \"Error: Bundle Identifier not defined.\" 0\n            fi\n            \n            if [ ! \"${CONFIG_BUGLY_APP_VERSION}\" ]; then\n            exitWithMessage \"Error: App Version not defined.\" 0\n            fi\n            \n            if [ ! -e \"${CONFIG_DSYM_SOURCE_DIR}\" ]; then\n            exitWithMessage \"Error: Invalid dir ${CONFIG_DSYM_SOURCE_DIR}\" 0\n            fi\n            \n            if [ ! \"${CONFIG_DSYM_DEST_DIR}\" ]; then\n            exitWithMessage \"Error: Invalid dir ${CONFIG_DSYM_DEST_DIR}\" 0\n            fi\n            \n            if [ ! -e \"${CONFIG_DSYM_DEST_DIR}\" ]; then\n            mkdir ${CONFIG_DSYM_DEST_DIR}\n            fi\n            \n            DSYM_FOLDER=\"${CONFIG_DSYM_SOURCE_DIR}\"\n            IFS=$'\\n'\n            \n            echo \"Scaning dSYM FOLDER: ${DSYM_FOLDER} ...\"\n            RET=\"F\"\n            \n            #\n            for dsymFile in $(find \"$DSYM_FOLDER\" -name '*.dSYM'); do\n            RET=\"T\"\n            echo \"Found dSYM file: $dsymFile\"\n            \n            DSYM_FILE_NAME=${dsymFile##*/}\n                DSYM_SYMBOL_ZIP_FILE_NAME=\"${DSYM_FILE_NAME}.zip\"\n                DSYM_SYMBOL_ZIP_FILE_NAME=\"${DSYM_SYMBOL_ZIP_FILE_NAME// /_}\"\n                DSYM_SYMBOL_ZIP_FILE=${CONFIG_DSYM_DEST_DIR}/${DSYM_SYMBOL_ZIP_FILE_NAME}\n                \n                if [ $CONFIG_UPLOAD_DSYM_ONLY -eq 1 ]; then\n                if [ -e $DSYM_SYMBOL_ZIP_FILE ]; then\n                rm -f $DSYM_SYMBOL_ZIP_FILE\n                fi\n                # 如果只上传dSYM，直接压缩dSYM目录\n                zip -r -j $DSYM_SYMBOL_ZIP_FILE $dsymFile -x *.plist\n                else\n                # 使用符号表工具来生成Symbol文件\n                dSYMParse $dsymFile $DSYM_SYMBOL_ZIP_FILE\n                fi\n                \n                # 上传\n                dSYMUpload $CONFIG_BUGLY_APP_ID $CONFIG_BUGLY_APP_KEY $CONFIG_BUGLY_APP_BUNDLE_IDENTIFIER $CONFIG_BUGLY_APP_VERSION $DSYM_SYMBOL_ZIP_FILE\n                done\n                \n                if [ $RET = \"F\" ]; then\n                exitWithMessage \"No .dSYM found in ${DSYM_FOLDER}\" 0\n                fi\n            }\n            \n            # 在Xcode工程中执行\n            function runInXcode(){\n                echo \"Uploading dSYM to Bugly in Xcode ...\"\n                \n                echo \"Info.Plist : ${INFOPLIST_FILE}\"\n                \n                BUNDLE_VERSION=$(/usr/libexec/PlistBuddy -c 'Print CFBundleVersion' \"${INFOPLIST_FILE}\")\n                BUNDLE_SHORT_VERSION=$(/usr/libexec/PlistBuddy -c 'Print CFBundleShortVersionString' \"${INFOPLIST_FILE}\")\n                \n                # 组装Bugly默认识别的版本信息(格式为CFBundleShortVersionString(CFBundleVersion), 例如: 1.0(1))\n                if [ ! \"${CUSTOMIZED_APP_VERSION}\" ]; then\n                BUGLY_APP_VERSION=\"${BUNDLE_SHORT_VERSION}(${BUNDLE_VERSION})\"\n                else\n                BUGLY_APP_VERSION=\"${CUSTOMIZED_APP_VERSION}\"\n                fi\n                \n                echo \"--------------------------------\"\n                echo \"Prepare application information.\"\n                echo \"--------------------------------\"\n                \n                echo \"Product Name: ${PRODUCT_NAME}\"\n                echo \"Bundle Identifier: ${BUNDLE_IDENTIFIER}\"\n                echo \"Version: ${BUNDLE_SHORT_VERSION}\"\n                echo \"Build: ${BUNDLE_VERSION}\"\n                \n                echo \"Bugly App ID: ${BUGLY_APP_ID}\"\n                echo \"Bugly App key: ${BUGLY_APP_KEY}\"\n                echo \"Bugly App Version: ${BUGLY_APP_VERSION}\"\n                \n                echo \"--------------------------------\"\n                echo \"Check the arguments ...\"\n                \n                ##检查模拟器编译是否允许上传符号\n                if [ \"$EFFECTIVE_PLATFORM_NAME\" == \"-iphonesimulator\" ]; then\n                if [ $UPLOAD_SIMULATOR_SYMBOLS -eq 0 ]; then\n                exitWithMessage \"Warning: Build for simulator and skipping to upload. \\nYou can modify 'UPLOAD_SIMULATOR_SYMBOLS' to 1 in the script.\" 0\n                fi\n                fi\n                \n                ##检查是否是Release模式编译\n                if [ \"${CONFIGURATION=}\" == \"Debug\" ]; then\n                if [ $UPLOAD_DEBUG_SYMBOLS -eq 0 ]; then\n                exitWithMessage \"Warning: Build for debug mode and skipping to upload. \\nYou can modify 'UPLOAD_DEBUG_SYMBOLS' to 1 in the script.\" 0\n                fi\n                fi\n                \n                ##检查是否Archive操作\n                if [ $UPLOAD_ARCHIVE_ONLY -eq 1 ]; then\n                if [[ \"$TARGET_BUILD_DIR\" == *\"/Archive\"* ]]; then\n                echo \"Archive the package\"\n                else\n                exitWithMessage \"Warning: Build for NOT Archive mode and skipping to upload. \\nYou can modify 'UPLOAD_ARCHIVE_ONLY' to 0 in the script.\" 0\n                fi\n                fi\n                \n                #\n                run ${BUGLY_APP_ID} ${BUGLY_APP_KEY} ${BUNDLE_IDENTIFIER} ${BUGLY_APP_VERSION} ${DWARF_DSYM_FOLDER_PATH} ${BUILD_DIR}/BuglySymbolTemp ${UPLOAD_DSYM_ONLY}\n            }\n            \n            # 根据Xcode的环境变量判断是否处于Xcode环境\n            INFO_PLIST_FILE=\"${INFOPLIST_FILE}\"\n            \n            BuildInXcode=\"F\"\n            if [ -f \"${INFO_PLIST_FILE}\" ]; then\n            BuildInXcode=\"T\"\n            fi\n            \n            if [ $BuildInXcode = \"T\" ]; then\n            runInXcode\n            else\n            echo \"\\nUsage: dSYMUpload.sh <bugly_app_id> <bugly_app_key> <app_bundle_identifier> <app_version> <dSYM_src_dir> <bSYMBOL_dest_dir> [upload_dsym_only]\\n\"\n            # 你可以在此处直接设置BuglyAppID和BuglyAppKey，排除不常变参数的输入\n            BUGLY_APP_ID=\"$1\"\n            BUGLY_APP_KEY=\"$2\"\n            BUNDLE_IDENTIFIER=\"$3\"\n            BUGLY_APP_VERSION=\"$4\"\n            DWARF_DSYM_FOLDER_PATH=\"$5\"\n            SYMBOL_OUTPUT_PATH=\"$6\"\n            UPLOAD_DSYM_ONLY=$7\n            run ${BUGLY_APP_ID} ${BUGLY_APP_KEY} ${BUNDLE_IDENTIFIER} ${BUGLY_APP_VERSION} ${DWARF_DSYM_FOLDER_PATH} ${SYMBOL_OUTPUT_PATH} ${UPLOAD_DSYM_ONLY}\n            fi\n";
		};
		939CADFA254BB1F7146EC035 /* [CP] Check Pods Manifest.lock */ = {
			isa = PBXShellScriptBuildPhase;
			buildActionMask = 2147483647;
			files = (
			);
			inputPaths = (
				"${PODS_PODFILE_DIR_PATH}/Podfile.lock",
				"${PODS_ROOT}/Manifest.lock",
			);
			name = "[CP] Check Pods Manifest.lock";
			outputPaths = (
				"$(DERIVED_FILE_DIR)/Pods-BuglyDemo-checkManifestLockResult.txt",
			);
			runOnlyForDeploymentPostprocessing = 0;
			shellPath = /bin/sh;
			shellScript = "diff \"${PODS_PODFILE_DIR_PATH}/Podfile.lock\" \"${PODS_ROOT}/Manifest.lock\" > /dev/null\nif [ $? != 0 ] ; then\n    # print error to STDERR\n    echo \"error: The sandbox is not in sync with the Podfile.lock. Run 'pod install' or update your CocoaPods installation.\" >&2\n    exit 1\nfi\n# This output is used by Xcode 'outputs' to avoid re-running this script phase.\necho \"SUCCESS\" > \"${SCRIPT_OUTPUT_FILE_0}\"\n";
			showEnvVarsInLog = 0;
		};
		A09300FBE17B7617DCD0FFB1 /* [CP] Copy Pods Resources */ = {
			isa = PBXShellScriptBuildPhase;
			buildActionMask = 2147483647;
			files = (
			);
			inputPaths = (
				"${SRCROOT}/Pods/Target Support Files/Pods-BuglyDemo/Pods-BuglyDemo-resources.sh",
				"${PODS_ROOT}/MJRefresh/MJRefresh/MJRefresh.bundle",
			);
			name = "[CP] Copy Pods Resources";
			outputPaths = (
				"${TARGET_BUILD_DIR}/${UNLOCALIZED_RESOURCES_FOLDER_PATH}/MJRefresh.bundle",
			);
			runOnlyForDeploymentPostprocessing = 0;
			shellPath = /bin/sh;
			shellScript = "\"${SRCROOT}/Pods/Target Support Files/Pods-BuglyDemo/Pods-BuglyDemo-resources.sh\"\n";
			showEnvVarsInLog = 0;
		};
/* End PBXShellScriptBuildPhase section */

/* Begin PBXSourcesBuildPhase section */
		04EE56402122CA9D00D74017 /* Sources */ = {
			isa = PBXSourcesBuildPhase;
			buildActionMask = 2147483647;
			files = (
				04EE564C2122CA9D00D74017 /* $.m in Sources */,
				040FAEF9212408C500746C87 /* UncaughtExceptionHandler.m in Sources */,
				040FAEF42123FD9B00746C87 /* JPEngine.m in Sources */,
				040FAEFF212523D600746C87 /* WTAlertController.m in Sources */,
				04EE56572122CAAC00D74017 /* main.m in Sources */,
				04EE56492122CA9D00D74017 /* AppDelegate.m in Sources */,
			);
			runOnlyForDeploymentPostprocessing = 0;
		};
		04EE56582122CAAC00D74017 /* Sources */ = {
			isa = PBXSourcesBuildPhase;
			buildActionMask = 2147483647;
			files = (
				04EE56612122CAAC00D74017 /* BuglyDemoTests.m in Sources */,
			);
			runOnlyForDeploymentPostprocessing = 0;
		};
		04EE56632122CAAC00D74017 /* Sources */ = {
			isa = PBXSourcesBuildPhase;
			buildActionMask = 2147483647;
			files = (
				04EE566C2122CAAC00D74017 /* BuglyDemoUITests.m in Sources */,
			);
			runOnlyForDeploymentPostprocessing = 0;
		};
/* End PBXSourcesBuildPhase section */

/* Begin PBXTargetDependency section */
		04EE565E2122CAAC00D74017 /* PBXTargetDependency */ = {
			isa = PBXTargetDependency;
			target = 04EE56432122CA9D00D74017 /* BuglyDemo */;
			targetProxy = 04EE565D2122CAAC00D74017 /* PBXContainerItemProxy */;
		};
		04EE56692122CAAC00D74017 /* PBXTargetDependency */ = {
			isa = PBXTargetDependency;
			target = 04EE56432122CA9D00D74017 /* BuglyDemo */;
			targetProxy = 04EE56682122CAAC00D74017 /* PBXContainerItemProxy */;
		};
/* End PBXTargetDependency section */

/* Begin PBXVariantGroup section */
		04EE564D2122CA9D00D74017 /* Main.storyboard */ = {
			isa = PBXVariantGroup;
			children = (
				04EE564E2122CA9D00D74017 /* Base */,
			);
			name = Main.storyboard;
			sourceTree = "<group>";
		};
		04EE56522122CAAC00D74017 /* LaunchScreen.storyboard */ = {
			isa = PBXVariantGroup;
			children = (
				04EE56532122CAAC00D74017 /* Base */,
			);
			name = LaunchScreen.storyboard;
			sourceTree = "<group>";
		};
/* End PBXVariantGroup section */

/* Begin XCBuildConfiguration section */
		04EE566E2122CAAC00D74017 /* Debug */ = {
			isa = XCBuildConfiguration;
			buildSettings = {
				ALWAYS_SEARCH_USER_PATHS = NO;
				CLANG_ANALYZER_NONNULL = YES;
				CLANG_ANALYZER_NUMBER_OBJECT_CONVERSION = YES_AGGRESSIVE;
				CLANG_CXX_LANGUAGE_STANDARD = "gnu++14";
				CLANG_CXX_LIBRARY = "libc++";
				CLANG_ENABLE_MODULES = YES;
				CLANG_ENABLE_OBJC_ARC = YES;
				CLANG_ENABLE_OBJC_WEAK = YES;
				CLANG_WARN_BLOCK_CAPTURE_AUTORELEASING = YES;
				CLANG_WARN_BOOL_CONVERSION = YES;
				CLANG_WARN_COMMA = YES;
				CLANG_WARN_CONSTANT_CONVERSION = YES;
				CLANG_WARN_DEPRECATED_OBJC_IMPLEMENTATIONS = YES;
				CLANG_WARN_DIRECT_OBJC_ISA_USAGE = YES_ERROR;
				CLANG_WARN_DOCUMENTATION_COMMENTS = YES;
				CLANG_WARN_EMPTY_BODY = YES;
				CLANG_WARN_ENUM_CONVERSION = YES;
				CLANG_WARN_INFINITE_RECURSION = YES;
				CLANG_WARN_INT_CONVERSION = YES;
				CLANG_WARN_NON_LITERAL_NULL_CONVERSION = YES;
				CLANG_WARN_OBJC_IMPLICIT_RETAIN_SELF = YES;
				CLANG_WARN_OBJC_LITERAL_CONVERSION = YES;
				CLANG_WARN_OBJC_ROOT_CLASS = YES_ERROR;
				CLANG_WARN_RANGE_LOOP_ANALYSIS = YES;
				CLANG_WARN_STRICT_PROTOTYPES = YES;
				CLANG_WARN_SUSPICIOUS_MOVE = YES;
				CLANG_WARN_UNGUARDED_AVAILABILITY = YES_AGGRESSIVE;
				CLANG_WARN_UNREACHABLE_CODE = YES;
				CLANG_WARN__DUPLICATE_METHOD_MATCH = YES;
				CODE_SIGN_IDENTITY = "iPhone Developer";
				COPY_PHASE_STRIP = NO;
				DEBUG_INFORMATION_FORMAT = dwarf;
				ENABLE_STRICT_OBJC_MSGSEND = YES;
				ENABLE_TESTABILITY = YES;
				GCC_C_LANGUAGE_STANDARD = gnu11;
				GCC_DYNAMIC_NO_PIC = NO;
				GCC_NO_COMMON_BLOCKS = YES;
				GCC_OPTIMIZATION_LEVEL = 0;
				GCC_PREPROCESSOR_DEFINITIONS = (
					"DEBUG=1",
					"$(inherited)",
				);
				GCC_WARN_64_TO_32_BIT_CONVERSION = YES;
				GCC_WARN_ABOUT_RETURN_TYPE = YES_ERROR;
				GCC_WARN_UNDECLARED_SELECTOR = YES;
				GCC_WARN_UNINITIALIZED_AUTOS = YES_AGGRESSIVE;
				GCC_WARN_UNUSED_FUNCTION = YES;
				GCC_WARN_UNUSED_VARIABLE = YES;
				IPHONEOS_DEPLOYMENT_TARGET = 11.3;
				MTL_ENABLE_DEBUG_INFO = YES;
				ONLY_ACTIVE_ARCH = YES;
				SDKROOT = iphoneos;
			};
			name = Debug;
		};
		04EE566F2122CAAC00D74017 /* Release */ = {
			isa = XCBuildConfiguration;
			buildSettings = {
				ALWAYS_SEARCH_USER_PATHS = NO;
				CLANG_ANALYZER_NONNULL = YES;
				CLANG_ANALYZER_NUMBER_OBJECT_CONVERSION = YES_AGGRESSIVE;
				CLANG_CXX_LANGUAGE_STANDARD = "gnu++14";
				CLANG_CXX_LIBRARY = "libc++";
				CLANG_ENABLE_MODULES = YES;
				CLANG_ENABLE_OBJC_ARC = YES;
				CLANG_ENABLE_OBJC_WEAK = YES;
				CLANG_WARN_BLOCK_CAPTURE_AUTORELEASING = YES;
				CLANG_WARN_BOOL_CONVERSION = YES;
				CLANG_WARN_COMMA = YES;
				CLANG_WARN_CONSTANT_CONVERSION = YES;
				CLANG_WARN_DEPRECATED_OBJC_IMPLEMENTATIONS = YES;
				CLANG_WARN_DIRECT_OBJC_ISA_USAGE = YES_ERROR;
				CLANG_WARN_DOCUMENTATION_COMMENTS = YES;
				CLANG_WARN_EMPTY_BODY = YES;
				CLANG_WARN_ENUM_CONVERSION = YES;
				CLANG_WARN_INFINITE_RECURSION = YES;
				CLANG_WARN_INT_CONVERSION = YES;
				CLANG_WARN_NON_LITERAL_NULL_CONVERSION = YES;
				CLANG_WARN_OBJC_IMPLICIT_RETAIN_SELF = YES;
				CLANG_WARN_OBJC_LITERAL_CONVERSION = YES;
				CLANG_WARN_OBJC_ROOT_CLASS = YES_ERROR;
				CLANG_WARN_RANGE_LOOP_ANALYSIS = YES;
				CLANG_WARN_STRICT_PROTOTYPES = YES;
				CLANG_WARN_SUSPICIOUS_MOVE = YES;
				CLANG_WARN_UNGUARDED_AVAILABILITY = YES_AGGRESSIVE;
				CLANG_WARN_UNREACHABLE_CODE = YES;
				CLANG_WARN__DUPLICATE_METHOD_MATCH = YES;
				CODE_SIGN_IDENTITY = "iPhone Developer";
				COPY_PHASE_STRIP = NO;
				DEBUG_INFORMATION_FORMAT = "dwarf-with-dsym";
				ENABLE_NS_ASSERTIONS = NO;
				ENABLE_STRICT_OBJC_MSGSEND = YES;
				GCC_C_LANGUAGE_STANDARD = gnu11;
				GCC_NO_COMMON_BLOCKS = YES;
				GCC_WARN_64_TO_32_BIT_CONVERSION = YES;
				GCC_WARN_ABOUT_RETURN_TYPE = YES_ERROR;
				GCC_WARN_UNDECLARED_SELECTOR = YES;
				GCC_WARN_UNINITIALIZED_AUTOS = YES_AGGRESSIVE;
				GCC_WARN_UNUSED_FUNCTION = YES;
				GCC_WARN_UNUSED_VARIABLE = YES;
				IPHONEOS_DEPLOYMENT_TARGET = 11.3;
				MTL_ENABLE_DEBUG_INFO = NO;
				SDKROOT = iphoneos;
				VALIDATE_PRODUCT = YES;
			};
			name = Release;
		};
		04EE56712122CAAC00D74017 /* Debug */ = {
			isa = XCBuildConfiguration;
			baseConfigurationReference = E96DAC3C5ED3EB8913E9ECCB /* Pods-BuglyDemo.debug.xcconfig */;
			buildSettings = {
				ASSETCATALOG_COMPILER_APPICON_NAME = AppIcon;
				CODE_SIGN_STYLE = Automatic;
				DEBUG_INFORMATION_FORMAT = "dwarf-with-dsym";
				GCC_PRECOMPILE_PREFIX_HEADER = YES;
				GCC_PREFIX_HEADER = "/Users/mac/Desktop/GitHub/iOS_Code-instance/iOS开发之Bugly/BuglyDemo/BuglyDemo/BuglyDemo-Prefix.pch";
				INFOPLIST_FILE = BuglyDemo/Info.plist;
				LD_RUNPATH_SEARCH_PATHS = (
					"$(inherited)",
					"@executable_path/Frameworks",
				);
				PRODUCT_BUNDLE_IDENTIFIER = com.audition.www.BuglyDemo;
				PRODUCT_NAME = "$(TARGET_NAME)";
				TARGETED_DEVICE_FAMILY = "1,2";
			};
			name = Debug;
		};
		04EE56722122CAAC00D74017 /* Release */ = {
			isa = XCBuildConfiguration;
			baseConfigurationReference = 2F9BA509694D75FEC13D7227 /* Pods-BuglyDemo.release.xcconfig */;
			buildSettings = {
				ASSETCATALOG_COMPILER_APPICON_NAME = AppIcon;
				CODE_SIGN_STYLE = Automatic;
				GCC_PRECOMPILE_PREFIX_HEADER = YES;
				GCC_PREFIX_HEADER = "/Users/mac/Desktop/GitHub/iOS_Code-instance/iOS开发之Bugly/BuglyDemo/BuglyDemo/BuglyDemo-Prefix.pch";
				INFOPLIST_FILE = BuglyDemo/Info.plist;
				LD_RUNPATH_SEARCH_PATHS = (
					"$(inherited)",
					"@executable_path/Frameworks",
				);
				PRODUCT_BUNDLE_IDENTIFIER = com.audition.www.BuglyDemo;
				PRODUCT_NAME = "$(TARGET_NAME)";
				TARGETED_DEVICE_FAMILY = "1,2";
			};
			name = Release;
		};
		04EE56742122CAAC00D74017 /* Debug */ = {
			isa = XCBuildConfiguration;
			buildSettings = {
				BUNDLE_LOADER = "$(TEST_HOST)";
				CODE_SIGN_STYLE = Automatic;
				INFOPLIST_FILE = BuglyDemoTests/Info.plist;
				LD_RUNPATH_SEARCH_PATHS = (
					"$(inherited)",
					"@executable_path/Frameworks",
					"@loader_path/Frameworks",
				);
				PRODUCT_BUNDLE_IDENTIFIER = com.audition.www.BuglyDemoTests;
				PRODUCT_NAME = "$(TARGET_NAME)";
				TARGETED_DEVICE_FAMILY = "1,2";
				TEST_HOST = "$(BUILT_PRODUCTS_DIR)/BuglyDemo.app/BuglyDemo";
			};
			name = Debug;
		};
		04EE56752122CAAC00D74017 /* Release */ = {
			isa = XCBuildConfiguration;
			buildSettings = {
				BUNDLE_LOADER = "$(TEST_HOST)";
				CODE_SIGN_STYLE = Automatic;
				INFOPLIST_FILE = BuglyDemoTests/Info.plist;
				LD_RUNPATH_SEARCH_PATHS = (
					"$(inherited)",
					"@executable_path/Frameworks",
					"@loader_path/Frameworks",
				);
				PRODUCT_BUNDLE_IDENTIFIER = com.audition.www.BuglyDemoTests;
				PRODUCT_NAME = "$(TARGET_NAME)";
				TARGETED_DEVICE_FAMILY = "1,2";
				TEST_HOST = "$(BUILT_PRODUCTS_DIR)/BuglyDemo.app/BuglyDemo";
			};
			name = Release;
		};
		04EE56772122CAAC00D74017 /* Debug */ = {
			isa = XCBuildConfiguration;
			buildSettings = {
				CODE_SIGN_STYLE = Automatic;
				INFOPLIST_FILE = BuglyDemoUITests/Info.plist;
				LD_RUNPATH_SEARCH_PATHS = (
					"$(inherited)",
					"@executable_path/Frameworks",
					"@loader_path/Frameworks",
				);
				PRODUCT_BUNDLE_IDENTIFIER = com.audition.www.BuglyDemoUITests;
				PRODUCT_NAME = "$(TARGET_NAME)";
				TARGETED_DEVICE_FAMILY = "1,2";
				TEST_TARGET_NAME = BuglyDemo;
			};
			name = Debug;
		};
		04EE56782122CAAC00D74017 /* Release */ = {
			isa = XCBuildConfiguration;
			buildSettings = {
				CODE_SIGN_STYLE = Automatic;
				INFOPLIST_FILE = BuglyDemoUITests/Info.plist;
				LD_RUNPATH_SEARCH_PATHS = (
					"$(inherited)",
					"@executable_path/Frameworks",
					"@loader_path/Frameworks",
				);
				PRODUCT_BUNDLE_IDENTIFIER = com.audition.www.BuglyDemoUITests;
				PRODUCT_NAME = "$(TARGET_NAME)";
				TARGETED_DEVICE_FAMILY = "1,2";
				TEST_TARGET_NAME = BuglyDemo;
			};
			name = Release;
		};
/* End XCBuildConfiguration section */

/* Begin XCConfigurationList section */
		04EE563F2122CA9D00D74017 /* Build configuration list for PBXProject "BuglyDemo" */ = {
			isa = XCConfigurationList;
			buildConfigurations = (
				04EE566E2122CAAC00D74017 /* Debug */,
				04EE566F2122CAAC00D74017 /* Release */,
			);
			defaultConfigurationIsVisible = 0;
			defaultConfigurationName = Release;
		};
		04EE56702122CAAC00D74017 /* Build configuration list for PBXNativeTarget "BuglyDemo" */ = {
			isa = XCConfigurationList;
			buildConfigurations = (
				04EE56712122CAAC00D74017 /* Debug */,
				04EE56722122CAAC00D74017 /* Release */,
			);
			defaultConfigurationIsVisible = 0;
			defaultConfigurationName = Release;
		};
		04EE56732122CAAC00D74017 /* Build configuration list for PBXNativeTarget "BuglyDemoTests" */ = {
			isa = XCConfigurationList;
			buildConfigurations = (
				04EE56742122CAAC00D74017 /* Debug */,
				04EE56752122CAAC00D74017 /* Release */,
			);
			defaultConfigurationIsVisible = 0;
			defaultConfigurationName = Release;
		};
		04EE56762122CAAC00D74017 /* Build configuration list for PBXNativeTarget "BuglyDemoUITests" */ = {
			isa = XCConfigurationList;
			buildConfigurations = (
				04EE56772122CAAC00D74017 /* Debug */,
				04EE56782122CAAC00D74017 /* Release */,
			);
			defaultConfigurationIsVisible = 0;
			defaultConfigurationName = Release;
		};
/* End XCConfigurationList section */
	};
	rootObject = 04EE563C2122CA9D00D74017 /* Project object */;
}
